
Microsoft Visual Studio Solution File, Format Version 12.00
# Visual Studio Version 17
VisualStudioVersion = 17.11.35327.3
MinimumVisualStudioVersion = 10.0.40219.1
Project("{2150E333-8FDC-42A3-9474-1A3956D46DE8}") = "src", "src", "{F41D1601-D139-471C-82C6-203C5BB8EA8E}"
EndProject
Project("{2150E333-8FDC-42A3-9474-1A3956D46DE8}") = "01.Core", "01.Core", "{D3295540-537A-4054-85E3-6F1A8087FE5F}"
EndProject
Project("{9A19103F-16F7-4668-BE54-9A1E7A4F7556}") = "HouseRent.Core.Domain", "src\01.Core\HouseRent.Core.Domain\HouseRent.Core.Domain.csproj", "{90C59864-82CA-4DC9-8457-6D626DBE0C0D}"
EndProject
Project("{2150E333-8FDC-42A3-9474-1A3956D46DE8}") = "tests", "tests", "{E231ABEC-3384-4DE9-AD54-2FE2B2508978}"
EndProject
Project("{FAE04EC0-301F-11D3-BF4B-00C04F79EFBC}") = "HouseRent.Core.ApplicationServices", "src\01.Core\HouseRent.Core.ApplicationServices\HouseRent.Core.ApplicationServices.csproj", "{42ACADB6-8A88-409F-90D6-9AF67930C357}"
EndProject
Project("{2150E333-8FDC-42A3-9474-1A3956D46DE8}") = "02.Infra", "02.Infra", "{5193E183-EFEA-4387-B953-A665AE2690B7}"
EndProject
Project("{2150E333-8FDC-42A3-9474-1A3956D46DE8}") = "Data", "Data", "{2A5C2C09-7FA1-47E1-864C-902DE0A3AB8D}"
EndProject
Project("{FAE04EC0-301F-11D3-BF4B-00C04F79EFBC}") = "HouseRent.Infra.Data.Sql.Commands", "src\02.Infra\Data\HouseRent.Infra.Data.Sql.Commands\HouseRent.Infra.Data.Sql.Commands.csproj", "{333BBC7A-145B-4773-B792-7BBA1F0E0D7C}"
EndProject
Project("{FAE04EC0-301F-11D3-BF4B-00C04F79EFBC}") = "HouseRent.Infra.Data.Sql.Queries", "src\02.Infra\Data\HouseRent.Infra.Data.Sql.Queries\HouseRent.Infra.Data.Sql.Queries.csproj", "{13BA165B-D0DE-4A32-B6EB-7259BD076B4A}"
EndProject
Project("{2150E333-8FDC-42A3-9474-1A3956D46DE8}") = "ExternalServices", "ExternalServices", "{5EF87C9B-902F-4FE0-BB09-664C2A2D3FCF}"
EndProject
Project("{FAE04EC0-301F-11D3-BF4B-00C04F79EFBC}") = "HouseRent.Infra.ExternalServices.Email.Fake", "src\02.Infra\ExternalServices\HouseRent.Infra.ExternalServices.Email.Fake\HouseRent.Infra.ExternalServices.Email.Fake.csproj", "{5C1FC9FE-CCCA-49B2-85B0-6EB880E874DC}"
EndProject
Project("{2150E333-8FDC-42A3-9474-1A3956D46DE8}") = "Utils", "Utils", "{551D2A2E-02DC-4CDE-9120-B5E34054B0A1}"
EndProject
Project("{FAE04EC0-301F-11D3-BF4B-00C04F79EFBC}") = "HouseRent.Infra.Utils.DateTimeProviderService", "src\02.Infra\Utils\HouseRent.Infra.Utils.DateTimeService\HouseRent.Infra.Utils.DateTimeProviderService.csproj", "{148C5A91-5643-40FF-9557-AAB9A2505C0E}"
EndProject
Project("{FAE04EC0-301F-11D3-BF4B-00C04F79EFBC}") = "HouseRent.Infra.Utils.IdGeneratorService.Snowflake", "src\02.Infra\Utils\HouseRent.Infra.Utils.IdGeneratorService.Snowflake\HouseRent.Infra.Utils.IdGeneratorService.Snowflake.csproj", "{7657EB0B-82A3-453A-B393-4AAD7F5477FE}"
EndProject
Project("{2150E333-8FDC-42A3-9474-1A3956D46DE8}") = "03.Endpoints", "03.Endpoints", "{5D945D65-6759-4836-9C8A-BF5018C7C764}"
EndProject
Project("{FAE04EC0-301F-11D3-BF4B-00C04F79EFBC}") = "HouseRent.Endpoints.RestAPI", "src\03.Endpoints\HouseRent.Endpoints.RestAPI\HouseRent.Endpoints.RestAPI.csproj", "{9BD06BE5-7D81-4FEA-8588-C5F90F602915}"
EndProject
Project("{2150E333-8FDC-42A3-9474-1A3956D46DE8}") = "Caching", "Caching", "{28B5BE98-5AC6-47EB-9D31-F3D476AD42E2}"
EndProject
Project("{FAE04EC0-301F-11D3-BF4B-00C04F79EFBC}") = "HouseRent.Infra.Caching.StackExchangeRedis", "src\02.Infra\Caching\HouseRent.Infra.Caching.StackExchangeRedis\HouseRent.Infra.Caching.StackExchangeRedis.csproj", "{9FBEF020-0A9B-4B3E-A48C-16DBCEAC10D4}"
EndProject
Global
	GlobalSection(SolutionConfigurationPlatforms) = preSolution
		Debug|Any CPU = Debug|Any CPU
		Release|Any CPU = Release|Any CPU
	EndGlobalSection
	GlobalSection(ProjectConfigurationPlatforms) = postSolution
		{90C59864-82CA-4DC9-8457-6D626DBE0C0D}.Debug|Any CPU.ActiveCfg = Debug|Any CPU
		{90C59864-82CA-4DC9-8457-6D626DBE0C0D}.Debug|Any CPU.Build.0 = Debug|Any CPU
		{90C59864-82CA-4DC9-8457-6D626DBE0C0D}.Release|Any CPU.ActiveCfg = Release|Any CPU
		{90C59864-82CA-4DC9-8457-6D626DBE0C0D}.Release|Any CPU.Build.0 = Release|Any CPU
		{42ACADB6-8A88-409F-90D6-9AF67930C357}.Debug|Any CPU.ActiveCfg = Debug|Any CPU
		{42ACADB6-8A88-409F-90D6-9AF67930C357}.Debug|Any CPU.Build.0 = Debug|Any CPU
		{42ACADB6-8A88-409F-90D6-9AF67930C357}.Release|Any CPU.ActiveCfg = Release|Any CPU
		{42ACADB6-8A88-409F-90D6-9AF67930C357}.Release|Any CPU.Build.0 = Release|Any CPU
		{333BBC7A-145B-4773-B792-7BBA1F0E0D7C}.Debug|Any CPU.ActiveCfg = Debug|Any CPU
		{333BBC7A-145B-4773-B792-7BBA1F0E0D7C}.Debug|Any CPU.Build.0 = Debug|Any CPU
		{333BBC7A-145B-4773-B792-7BBA1F0E0D7C}.Release|Any CPU.ActiveCfg = Release|Any CPU
		{333BBC7A-145B-4773-B792-7BBA1F0E0D7C}.Release|Any CPU.Build.0 = Release|Any CPU
		{13BA165B-D0DE-4A32-B6EB-7259BD076B4A}.Debug|Any CPU.ActiveCfg = Debug|Any CPU
		{13BA165B-D0DE-4A32-B6EB-7259BD076B4A}.Debug|Any CPU.Build.0 = Debug|Any CPU
		{13BA165B-D0DE-4A32-B6EB-7259BD076B4A}.Release|Any CPU.ActiveCfg = Release|Any CPU
		{13BA165B-D0DE-4A32-B6EB-7259BD076B4A}.Release|Any CPU.Build.0 = Release|Any CPU
		{5C1FC9FE-CCCA-49B2-85B0-6EB880E874DC}.Debug|Any CPU.ActiveCfg = Debug|Any CPU
		{5C1FC9FE-CCCA-49B2-85B0-6EB880E874DC}.Debug|Any CPU.Build.0 = Debug|Any CPU
		{5C1FC9FE-CCCA-49B2-85B0-6EB880E874DC}.Release|Any CPU.ActiveCfg = Release|Any CPU
		{5C1FC9FE-CCCA-49B2-85B0-6EB880E874DC}.Release|Any CPU.Build.0 = Release|Any CPU
		{148C5A91-5643-40FF-9557-AAB9A2505C0E}.Debug|Any CPU.ActiveCfg = Debug|Any CPU
		{148C5A91-5643-40FF-9557-AAB9A2505C0E}.Debug|Any CPU.Build.0 = Debug|Any CPU
		{148C5A91-5643-40FF-9557-AAB9A2505C0E}.Release|Any CPU.ActiveCfg = Release|Any CPU
		{148C5A91-5643-40FF-9557-AAB9A2505C0E}.Release|Any CPU.Build.0 = Release|Any CPU
		{7657EB0B-82A3-453A-B393-4AAD7F5477FE}.Debug|Any CPU.ActiveCfg = Debug|Any CPU
		{7657EB0B-82A3-453A-B393-4AAD7F5477FE}.Debug|Any CPU.Build.0 = Debug|Any CPU
		{7657EB0B-82A3-453A-B393-4AAD7F5477FE}.Release|Any CPU.ActiveCfg = Release|Any CPU
		{7657EB0B-82A3-453A-B393-4AAD7F5477FE}.Release|Any CPU.Build.0 = Release|Any CPU
		{9BD06BE5-7D81-4FEA-8588-C5F90F602915}.Debug|Any CPU.ActiveCfg = Debug|Any CPU
		{9BD06BE5-7D81-4FEA-8588-C5F90F602915}.Debug|Any CPU.Build.0 = Debug|Any CPU
		{9BD06BE5-7D81-4FEA-8588-C5F90F602915}.Release|Any CPU.ActiveCfg = Release|Any CPU
		{9BD06BE5-7D81-4FEA-8588-C5F90F602915}.Release|Any CPU.Build.0 = Release|Any CPU
		{9FBEF020-0A9B-4B3E-A48C-16DBCEAC10D4}.Debug|Any CPU.ActiveCfg = Debug|Any CPU
		{9FBEF020-0A9B-4B3E-A48C-16DBCEAC10D4}.Debug|Any CPU.Build.0 = Debug|Any CPU
		{9FBEF020-0A9B-4B3E-A48C-16DBCEAC10D4}.Release|Any CPU.ActiveCfg = Release|Any CPU
		{9FBEF020-0A9B-4B3E-A48C-16DBCEAC10D4}.Release|Any CPU.Build.0 = Release|Any CPU
	EndGlobalSection
	GlobalSection(SolutionProperties) = preSolution
		HideSolutionNode = FALSE
	EndGlobalSection
	GlobalSection(NestedProjects) = preSolution
		{D3295540-537A-4054-85E3-6F1A8087FE5F} = {F41D1601-D139-471C-82C6-203C5BB8EA8E}
		{90C59864-82CA-4DC9-8457-6D626DBE0C0D} = {D3295540-537A-4054-85E3-6F1A8087FE5F}
		{42ACADB6-8A88-409F-90D6-9AF67930C357} = {D3295540-537A-4054-85E3-6F1A8087FE5F}
		{5193E183-EFEA-4387-B953-A665AE2690B7} = {F41D1601-D139-471C-82C6-203C5BB8EA8E}
		{2A5C2C09-7FA1-47E1-864C-902DE0A3AB8D} = {5193E183-EFEA-4387-B953-A665AE2690B7}
		{333BBC7A-145B-4773-B792-7BBA1F0E0D7C} = {2A5C2C09-7FA1-47E1-864C-902DE0A3AB8D}
		{13BA165B-D0DE-4A32-B6EB-7259BD076B4A} = {2A5C2C09-7FA1-47E1-864C-902DE0A3AB8D}
		{5EF87C9B-902F-4FE0-BB09-664C2A2D3FCF} = {5193E183-EFEA-4387-B953-A665AE2690B7}
		{5C1FC9FE-CCCA-49B2-85B0-6EB880E874DC} = {5EF87C9B-902F-4FE0-BB09-664C2A2D3FCF}
		{551D2A2E-02DC-4CDE-9120-B5E34054B0A1} = {5193E183-EFEA-4387-B953-A665AE2690B7}
		{148C5A91-5643-40FF-9557-AAB9A2505C0E} = {551D2A2E-02DC-4CDE-9120-B5E34054B0A1}
		{7657EB0B-82A3-453A-B393-4AAD7F5477FE} = {551D2A2E-02DC-4CDE-9120-B5E34054B0A1}
		{5D945D65-6759-4836-9C8A-BF5018C7C764} = {F41D1601-D139-471C-82C6-203C5BB8EA8E}
		{9BD06BE5-7D81-4FEA-8588-C5F90F602915} = {5D945D65-6759-4836-9C8A-BF5018C7C764}
		{28B5BE98-5AC6-47EB-9D31-F3D476AD42E2} = {5193E183-EFEA-4387-B953-A665AE2690B7}
		{9FBEF020-0A9B-4B3E-A48C-16DBCEAC10D4} = {28B5BE98-5AC6-47EB-9D31-F3D476AD42E2}
	EndGlobalSection
	GlobalSection(ExtensibilityGlobals) = postSolution
		SolutionGuid = {48127AF9-C5B3-4829-A593-10F8A6F05CE7}
	EndGlobalSection
EndGlobal
